// !$*UTF8*$!
{
	archiveVersion = 1;
	classes = {
	};
	objectVersion = 50;
	objects = {

/* Begin PBXBuildFile section */
		804BA86F24AE87E0004A425F /* AppDelegate.swift in Sources */ = {isa = PBXBuildFile; fileRef = 804BA86E24AE87E0004A425F /* AppDelegate.swift */; };
		804BA87124AE87E0004A425F /* SceneDelegate.swift in Sources */ = {isa = PBXBuildFile; fileRef = 804BA87024AE87E0004A425F /* SceneDelegate.swift */; };
		804BA87324AE87E0004A425F /* WelcomeViewController.swift in Sources */ = {isa = PBXBuildFile; fileRef = 804BA87224AE87E0004A425F /* WelcomeViewController.swift */; };
		804BA87624AE87E0004A425F /* Main.storyboard in Resources */ = {isa = PBXBuildFile; fileRef = 804BA87424AE87E0004A425F /* Main.storyboard */; };
		804BA87824AE87E1004A425F /* Assets.xcassets in Resources */ = {isa = PBXBuildFile; fileRef = 804BA87724AE87E1004A425F /* Assets.xcassets */; };
		804BA87B24AE87E1004A425F /* LaunchScreen.storyboard in Resources */ = {isa = PBXBuildFile; fileRef = 804BA87924AE87E1004A425F /* LaunchScreen.storyboard */; };
		804BA88524AE8B9D004A425F /* ConverterViewController.swift in Sources */ = {isa = PBXBuildFile; fileRef = 804BA88424AE8B9D004A425F /* ConverterViewController.swift */; };
		804BA88724AEAEB7004A425F /* Converter.swift in Sources */ = {isa = PBXBuildFile; fileRef = 804BA88624AEAEB7004A425F /* Converter.swift */; };
		80BDC38024AF975700E7E9D2 /* Decimal.swift in Sources */ = {isa = PBXBuildFile; fileRef = 80BDC37F24AF975700E7E9D2 /* Decimal.swift */; };
		80BDC38224AF978500E7E9D2 /* Binary.swift in Sources */ = {isa = PBXBuildFile; fileRef = 80BDC38124AF978500E7E9D2 /* Binary.swift */; };
		80BDC38424AF979900E7E9D2 /* Hex.swift in Sources */ = {isa = PBXBuildFile; fileRef = 80BDC38324AF979900E7E9D2 /* Hex.swift */; };
		80BDC38624AF97AE00E7E9D2 /* Octal.swift in Sources */ = {isa = PBXBuildFile; fileRef = 80BDC38524AF97AE00E7E9D2 /* Octal.swift */; };
/* End PBXBuildFile section */

/* Begin PBXFileReference section */
		804BA86B24AE87DF004A425F /* NumberConverter.app */ = {isa = PBXFileReference; explicitFileType = wrapper.application; includeInIndex = 0; path = NumberConverter.app; sourceTree = BUILT_PRODUCTS_DIR; };
		804BA86E24AE87E0004A425F /* AppDelegate.swift */ = {isa = PBXFileReference; lastKnownFileType = sourcecode.swift; path = AppDelegate.swift; sourceTree = "<group>"; };
		804BA87024AE87E0004A425F /* SceneDelegate.swift */ = {isa = PBXFileReference; lastKnownFileType = sourcecode.swift; path = SceneDelegate.swift; sourceTree = "<group>"; };
		804BA87224AE87E0004A425F /* WelcomeViewController.swift */ = {isa = PBXFileReference; lastKnownFileType = sourcecode.swift; path = WelcomeViewController.swift; sourceTree = "<group>"; };
		804BA87524AE87E0004A425F /* Base */ = {isa = PBXFileReference; lastKnownFileType = file.storyboard; name = Base; path = Base.lproj/Main.storyboard; sourceTree = "<group>"; };
		804BA87724AE87E1004A425F /* Assets.xcassets */ = {isa = PBXFileReference; lastKnownFileType = folder.assetcatalog; path = Assets.xcassets; sourceTree = "<group>"; };
		804BA87A24AE87E1004A425F /* Base */ = {isa = PBXFileReference; lastKnownFileType = file.storyboard; name = Base; path = Base.lproj/LaunchScreen.storyboard; sourceTree = "<group>"; };
		804BA87C24AE87E1004A425F /* Info.plist */ = {isa = PBXFileReference; lastKnownFileType = text.plist.xml; path = Info.plist; sourceTree = "<group>"; };
		804BA88424AE8B9D004A425F /* ConverterViewController.swift */ = {isa = PBXFileReference; lastKnownFileType = sourcecode.swift; path = ConverterViewController.swift; sourceTree = "<group>"; };
		804BA88624AEAEB7004A425F /* Converter.swift */ = {isa = PBXFileReference; lastKnownFileType = sourcecode.swift; path = Converter.swift; sourceTree = "<group>"; };
		80BDC37F24AF975700E7E9D2 /* Decimal.swift */ = {isa = PBXFileReference; lastKnownFileType = sourcecode.swift; path = Decimal.swift; sourceTree = "<group>"; };
		80BDC38124AF978500E7E9D2 /* Binary.swift */ = {isa = PBXFileReference; lastKnownFileType = sourcecode.swift; path = Binary.swift; sourceTree = "<group>"; };
		80BDC38324AF979900E7E9D2 /* Hex.swift */ = {isa = PBXFileReference; lastKnownFileType = sourcecode.swift; path = Hex.swift; sourceTree = "<group>"; };
		80BDC38524AF97AE00E7E9D2 /* Octal.swift */ = {isa = PBXFileReference; lastKnownFileType = sourcecode.swift; path = Octal.swift; sourceTree = "<group>"; };
/* End PBXFileReference section */

/* Begin PBXFrameworksBuildPhase section */
		804BA86824AE87DF004A425F /* Frameworks */ = {
			isa = PBXFrameworksBuildPhase;
			buildActionMask = 2147483647;
			files = (
			);
			runOnlyForDeploymentPostprocessing = 0;
		};
/* End PBXFrameworksBuildPhase section */

/* Begin PBXGroup section */
		804BA86224AE87DF004A425F = {
			isa = PBXGroup;
			children = (
				804BA86D24AE87DF004A425F /* NumberConverter */,
				804BA86C24AE87DF004A425F /* Products */,
			);
			sourceTree = "<group>";
		};
		804BA86C24AE87DF004A425F /* Products */ = {
			isa = PBXGroup;
			children = (
				804BA86B24AE87DF004A425F /* NumberConverter.app */,
			);
			name = Products;
			sourceTree = "<group>";
		};
		804BA86D24AE87DF004A425F /* NumberConverter */ = {
			isa = PBXGroup;
			children = (
				80BDC37D24AF971B00E7E9D2 /* Converter */,
				804BA86E24AE87E0004A425F /* AppDelegate.swift */,
				804BA87024AE87E0004A425F /* SceneDelegate.swift */,
				804BA87224AE87E0004A425F /* WelcomeViewController.swift */,
				804BA87424AE87E0004A425F /* Main.storyboard */,
				804BA87724AE87E1004A425F /* Assets.xcassets */,
				804BA87924AE87E1004A425F /* LaunchScreen.storyboard */,
				804BA87C24AE87E1004A425F /* Info.plist */,
				804BA88424AE8B9D004A425F /* ConverterViewController.swift */,
			);
			path = NumberConverter;
			sourceTree = "<group>";
		};
		80BDC37D24AF971B00E7E9D2 /* Converter */ = {
			isa = PBXGroup;
			children = (
				80BDC37E24AF973C00E7E9D2 /* Types */,
				804BA88624AEAEB7004A425F /* Converter.swift */,
			);
			path = Converter;
			sourceTree = "<group>";
		};
		80BDC37E24AF973C00E7E9D2 /* Types */ = {
			isa = PBXGroup;
			children = (
				80BDC37F24AF975700E7E9D2 /* Decimal.swift */,
				80BDC38124AF978500E7E9D2 /* Binary.swift */,
				80BDC38324AF979900E7E9D2 /* Hex.swift */,
				80BDC38524AF97AE00E7E9D2 /* Octal.swift */,
			);
			path = Types;
			sourceTree = "<group>";
		};
/* End PBXGroup section */

/* Begin PBXNativeTarget section */
		804BA86A24AE87DF004A425F /* NumberConverter */ = {
			isa = PBXNativeTarget;
			buildConfigurationList = 804BA87F24AE87E1004A425F /* Build configuration list for PBXNativeTarget "NumberConverter" */;
			buildPhases = (
				804BA86724AE87DF004A425F /* Sources */,
				804BA86824AE87DF004A425F /* Frameworks */,
				804BA86924AE87DF004A425F /* Resources */,
			);
			buildRules = (
			);
			dependencies = (
			);
			name = NumberConverter;
			productName = NumberConverter;
			productReference = 804BA86B24AE87DF004A425F /* NumberConverter.app */;
			productType = "com.apple.product-type.application";
		};
/* End PBXNativeTarget section */

/* Begin PBXProject section */
		804BA86324AE87DF004A425F /* Project object */ = {
			isa = PBXProject;
			attributes = {
				LastSwiftUpdateCheck = 1150;
				LastUpgradeCheck = 1150;
				ORGANIZATIONNAME = "Saravia, Kevin";
				TargetAttributes = {
					804BA86A24AE87DF004A425F = {
						CreatedOnToolsVersion = 11.5;
					};
				};
			};
			buildConfigurationList = 804BA86624AE87DF004A425F /* Build configuration list for PBXProject "NumberConverter" */;
			compatibilityVersion = "Xcode 9.3";
			developmentRegion = en;
			hasScannedForEncodings = 0;
			knownRegions = (
				en,
				Base,
			);
			mainGroup = 804BA86224AE87DF004A425F;
			productRefGroup = 804BA86C24AE87DF004A425F /* Products */;
			projectDirPath = "";
			projectRoot = "";
			targets = (
				804BA86A24AE87DF004A425F /* NumberConverter */,
			);
		};
/* End PBXProject section */

/* Begin PBXResourcesBuildPhase section */
		804BA86924AE87DF004A425F /* Resources */ = {
			isa = PBXResourcesBuildPhase;
			buildActionMask = 2147483647;
			files = (
				804BA87B24AE87E1004A425F /* LaunchScreen.storyboard in Resources */,
				804BA87824AE87E1004A425F /* Assets.xcassets in Resources */,
				804BA87624AE87E0004A425F /* Main.storyboard in Resources */,
			);
			runOnlyForDeploymentPostprocessing = 0;
		};
/* End PBXResourcesBuildPhase section */

/* Begin PBXSourcesBuildPhase section */
		804BA86724AE87DF004A425F /* Sources */ = {
			isa = PBXSourcesBuildPhase;
			buildActionMask = 2147483647;
			files = (
				80BDC38624AF97AE00E7E9D2 /* Octal.swift in Sources */,
				804BA88524AE8B9D004A425F /* ConverterViewController.swift in Sources */,
				80BDC38424AF979900E7E9D2 /* Hex.swift in Sources */,
				80BDC38224AF978500E7E9D2 /* Binary.swift in Sources */,
				804BA87324AE87E0004A425F /* WelcomeViewController.swift in Sources */,
				804BA88724AEAEB7004A425F /* Converter.swift in Sources */,
				80BDC38024AF975700E7E9D2 /* Decimal.swift in Sources */,
				804BA86F24AE87E0004A425F /* AppDelegate.swift in Sources */,
				804BA87124AE87E0004A425F /* SceneDelegate.swift in Sources */,
			);
			runOnlyForDeploymentPostprocessing = 0;
		};
/* End PBXSourcesBuildPhase section */

/* Begin PBXVariantGroup section */
		804BA87424AE87E0004A425F /* Main.storyboard */ = {
			isa = PBXVariantGroup;
			children = (
				804BA87524AE87E0004A425F /* Base */,
			);
			name = Main.storyboard;
			sourceTree = "<group>";
		};
		804BA87924AE87E1004A425F /* LaunchScreen.storyboard */ = {
			isa = PBXVariantGroup;
			children = (
				804BA87A24AE87E1004A425F /* Base */,
			);
			name = LaunchScreen.storyboard;
			sourceTree = "<group>";
		};
/* End PBXVariantGroup section */

/* Begin XCBuildConfiguration section */
		804BA87D24AE87E1004A425F /* Debug */ = {
			isa = XCBuildConfiguration;
			buildSettings = {
				ALWAYS_SEARCH_USER_PATHS = NO;
				CLANG_ANALYZER_NONNULL = YES;
				CLANG_ANALYZER_NUMBER_OBJECT_CONVERSION = YES_AGGRESSIVE;
				CLANG_CXX_LANGUAGE_STANDARD = "gnu++14";
				CLANG_CXX_LIBRARY = "libc++";
				CLANG_ENABLE_MODULES = YES;
				CLANG_ENABLE_OBJC_ARC = YES;
				CLANG_ENABLE_OBJC_WEAK = YES;
				CLANG_WARN_BLOCK_CAPTURE_AUTORELEASING = YES;
				CLANG_WARN_BOOL_CONVERSION = YES;
				CLANG_WARN_COMMA = YES;
				CLANG_WARN_CONSTANT_CONVERSION = YES;
				CLANG_WARN_DEPRECATED_OBJC_IMPLEMENTATIONS = YES;
				CLANG_WARN_DIRECT_OBJC_ISA_USAGE = YES_ERROR;
				CLANG_WARN_DOCUMENTATION_COMMENTS = YES;
				CLANG_WARN_EMPTY_BODY = YES;
				CLANG_WARN_ENUM_CONVERSION = YES;
				CLANG_WARN_INFINITE_RECURSION = YES;
				CLANG_WARN_INT_CONVERSION = YES;
				CLANG_WARN_NON_LITERAL_NULL_CONVERSION = YES;
				CLANG_WARN_OBJC_IMPLICIT_RETAIN_SELF = YES;
				CLANG_WARN_OBJC_LITERAL_CONVERSION = YES;
				CLANG_WARN_OBJC_ROOT_CLASS = YES_ERROR;
				CLANG_WARN_RANGE_LOOP_ANALYSIS = YES;
				CLANG_WARN_STRICT_PROTOTYPES = YES;
				CLANG_WARN_SUSPICIOUS_MOVE = YES;
				CLANG_WARN_UNGUARDED_AVAILABILITY = YES_AGGRESSIVE;
				CLANG_WARN_UNREACHABLE_CODE = YES;
				CLANG_WARN__DUPLICATE_METHOD_MATCH = YES;
				COPY_PHASE_STRIP = NO;
				DEBUG_INFORMATION_FORMAT = dwarf;
				ENABLE_STRICT_OBJC_MSGSEND = YES;
				ENABLE_TESTABILITY = YES;
				GCC_C_LANGUAGE_STANDARD = gnu11;
				GCC_DYNAMIC_NO_PIC = NO;
				GCC_NO_COMMON_BLOCKS = YES;
				GCC_OPTIMIZATION_LEVEL = 0;
				GCC_PREPROCESSOR_DEFINITIONS = (
					"DEBUG=1",
					"$(inherited)",
				);
				GCC_WARN_64_TO_32_BIT_CONVERSION = YES;
				GCC_WARN_ABOUT_RETURN_TYPE = YES_ERROR;
				GCC_WARN_UNDECLARED_SELECTOR = YES;
				GCC_WARN_UNINITIALIZED_AUTOS = YES_AGGRESSIVE;
				GCC_WARN_UNUSED_FUNCTION = YES;
				GCC_WARN_UNUSED_VARIABLE = YES;
				IPHONEOS_DEPLOYMENT_TARGET = 13.5;
				MTL_ENABLE_DEBUG_INFO = INCLUDE_SOURCE;
				MTL_FAST_MATH = YES;
				ONLY_ACTIVE_ARCH = YES;
				SDKROOT = iphoneos;
				SWIFT_ACTIVE_COMPILATION_CONDITIONS = DEBUG;
				SWIFT_OPTIMIZATION_LEVEL = "-Onone";
			};
			name = Debug;
		};
		804BA87E24AE87E1004A425F /* Release */ = {
			isa = XCBuildConfiguration;
			buildSettings = {
				ALWAYS_SEARCH_USER_PATHS = NO;
				CLANG_ANALYZER_NONNULL = YES;
				CLANG_ANALYZER_NUMBER_OBJECT_CONVERSION = YES_AGGRESSIVE;
				CLANG_CXX_LANGUAGE_STANDARD = "gnu++14";
				CLANG_CXX_LIBRARY = "libc++";
				CLANG_ENABLE_MODULES = YES;
				CLANG_ENABLE_OBJC_ARC = YES;
				CLANG_ENABLE_OBJC_WEAK = YES;
				CLANG_WARN_BLOCK_CAPTURE_AUTORELEASING = YES;
				CLANG_WARN_BOOL_CONVERSION = YES;
				CLANG_WARN_COMMA = YES;
				CLANG_WARN_CONSTANT_CONVERSION = YES;
				CLANG_WARN_DEPRECATED_OBJC_IMPLEMENTATIONS = YES;
				CLANG_WARN_DIRECT_OBJC_ISA_USAGE = YES_ERROR;
				CLANG_WARN_DOCUMENTATION_COMMENTS = YES;
				CLANG_WARN_EMPTY_BODY = YES;
				CLANG_WARN_ENUM_CONVERSION = YES;
				CLANG_WARN_INFINITE_RECURSION = YES;
				CLANG_WARN_INT_CONVERSION = YES;
				CLANG_WARN_NON_LITERAL_NULL_CONVERSION = YES;
				CLANG_WARN_OBJC_IMPLICIT_RETAIN_SELF = YES;
				CLANG_WARN_OBJC_LITERAL_CONVERSION = YES;
				CLANG_WARN_OBJC_ROOT_CLASS = YES_ERROR;
				CLANG_WARN_RANGE_LOOP_ANALYSIS = YES;
				CLANG_WARN_STRICT_PROTOTYPES = YES;
				CLANG_WARN_SUSPICIOUS_MOVE = YES;
				CLANG_WARN_UNGUARDED_AVAILABILITY = YES_AGGRESSIVE;
				CLANG_WARN_UNREACHABLE_CODE = YES;
				CLANG_WARN__DUPLICATE_METHOD_MATCH = YES;
				COPY_PHASE_STRIP = NO;
				DEBUG_INFORMATION_FORMAT = "dwarf-with-dsym";
				ENABLE_NS_ASSERTIONS = NO;
				ENABLE_STRICT_OBJC_MSGSEND = YES;
				GCC_C_LANGUAGE_STANDARD = gnu11;
				GCC_NO_COMMON_BLOCKS = YES;
				GCC_WARN_64_TO_32_BIT_CONVERSION = YES;
				GCC_WARN_ABOUT_RETURN_TYPE = YES_ERROR;
				GCC_WARN_UNDECLARED_SELECTOR = YES;
				GCC_WARN_UNINITIALIZED_AUTOS = YES_AGGRESSIVE;
				GCC_WARN_UNUSED_FUNCTION = YES;
				GCC_WARN_UNUSED_VARIABLE = YES;
				IPHONEOS_DEPLOYMENT_TARGET = 13.5;
				MTL_ENABLE_DEBUG_INFO = NO;
				MTL_FAST_MATH = YES;
				SDKROOT = iphoneos;
				SWIFT_COMPILATION_MODE = wholemodule;
				SWIFT_OPTIMIZATION_LEVEL = "-O";
				VALIDATE_PRODUCT = YES;
			};
			name = Release;
		};
		804BA88024AE87E1004A425F /* Debug */ = {
			isa = XCBuildConfiguration;
			buildSettings = {
				ASSETCATALOG_COMPILER_APPICON_NAME = AppIcon;
				CODE_SIGN_STYLE = Automatic;
				DEVELOPMENT_TEAM = GW35G8YAPL;
				INFOPLIST_FILE = NumberConverter/Info.plist;
				LD_RUNPATH_SEARCH_PATHS = (
					"$(inherited)",
					"@executable_path/Frameworks",
				);
				PRODUCT_BUNDLE_IDENTIFIER = edu.uhcl.cse.NumberConverter;
				PRODUCT_NAME = "$(TARGET_NAME)";
				SWIFT_VERSION = 5.0;
				TARGETED_DEVICE_FAMILY = "1,2";
			};
			name = Debug;
		};
		804BA88124AE87E1004A425F /* Release */ = {
			isa = XCBuildConfiguration;
			buildSettings = {
				ASSETCATALOG_COMPILER_APPICON_NAME = AppIcon;
				CODE_SIGN_STYLE = Automatic;
				DEVELOPMENT_TEAM = GW35G8YAPL;
				INFOPLIST_FILE = NumberConverter/Info.plist;
				LD_RUNPATH_SEARCH_PATHS = (
					"$(inherited)",
					"@executable_path/Frameworks",
				);
				PRODUCT_BUNDLE_IDENTIFIER = edu.uhcl.cse.NumberConverter;
				PRODUCT_NAME = "$(TARGET_NAME)";
				SWIFT_VERSION = 5.0;
				TARGETED_DEVICE_FAMILY = "1,2";
			};
			name = Release;
		};
/* End XCBuildConfiguration section */

/* Begin XCConfigurationList section */
		804BA86624AE87DF004A425F /* Build configuration list for PBXProject "NumberConverter" */ = {
			isa = XCConfigurationList;
			buildConfigurations = (
				804BA87D24AE87E1004A425F /* Debug */,
				804BA87E24AE87E1004A425F /* Release */,
			);
			defaultConfigurationIsVisible = 0;
			defaultConfigurationName = Release;
		};
		804BA87F24AE87E1004A425F /* Build configuration list for PBXNativeTarget "NumberConverter" */ = {
			isa = XCConfigurationList;
			buildConfigurations = (
				804BA88024AE87E1004A425F /* Debug */,
				804BA88124AE87E1004A425F /* Release */,
			);
			defaultConfigurationIsVisible = 0;
			defaultConfigurationName = Release;
		};
/* End XCConfigurationList section */
	};
	rootObject = 804BA86324AE87DF004A425F /* Project object */;
}
